
Microsoft Visual Studio Solution File, Format Version 12.00
# Visual Studio Version 17
VisualStudioVersion = 17.14.37203.1
MinimumVisualStudioVersion = 10.0.40219.1
Project("{FAE04EC0-301F-11D3-BF4B-00C04F79EFBC}") = "EasySaveLib", "EasySaveLib.csproj", "{ECDC61E9-0D57-403B-DC94-37BF2D90F6BB}"
EndProject
Global
	GlobalSection(SolutionConfigurationPlatforms) = preSolution
		Debug|Any CPU = Debug|Any CPU
		Release|Any CPU = Release|Any CPU
	EndGlobalSection
	GlobalSection(ProjectConfigurationPlatforms) = postSolution
		{ECDC61E9-0D57-403B-DC94-37BF2D90F6BB}.Debug|Any CPU.ActiveCfg = Debug|Any CPU
		{ECDC61E9-0D57-403B-DC94-37BF2D90F6BB}.Debug|Any CPU.Build.0 = Debug|Any CPU
		{ECDC61E9-0D57-403B-DC94-37BF2D90F6BB}.Release|Any CPU.ActiveCfg = Release|Any CPU
		{ECDC61E9-0D57-403B-DC94-37BF2D90F6BB}.Release|Any CPU.Build.0 = Release|Any CPU
	EndGlobalSection
	GlobalSection(SolutionProperties) = preSolution
		HideSolutionNode = FALSE
	EndGlobalSection
	GlobalSection(ExtensibilityGlobals) = postSolution
		SolutionGuid = {D466286A-DC6A-41A6-807F-E726717A1B9A}
	EndGlobalSection
EndGlobal
