
Microsoft Visual Studio Solution File, Format Version 12.00
# Visual Studio Version 18
VisualStudioVersion = 18.4.11626.88
MinimumVisualStudioVersion = 10.0.40219.1
Project("{FAE04EC0-301F-11D3-BF4B-00C04F79EFBC}") = "EasySaveLibrary", "EasySaveLibrary.csproj", "{89056227-D94A-EFA1-26D8-409481AD3B9B}"
EndProject
Project("{FAE04EC0-301F-11D3-BF4B-00C04F79EFBC}") = "EasyLog", "..\logger\EasyLog.csproj", "{708A28B0-C57C-CEE4-6E94-2095BD86E96D}"
EndProject
Global
	GlobalSection(SolutionConfigurationPlatforms) = preSolution
		Debug|Any CPU = Debug|Any CPU
		Release|Any CPU = Release|Any CPU
	EndGlobalSection
	GlobalSection(ProjectConfigurationPlatforms) = postSolution
		{89056227-D94A-EFA1-26D8-409481AD3B9B}.Debug|Any CPU.ActiveCfg = Debug|Any CPU
		{89056227-D94A-EFA1-26D8-409481AD3B9B}.Debug|Any CPU.Build.0 = Debug|Any CPU
		{89056227-D94A-EFA1-26D8-409481AD3B9B}.Release|Any CPU.ActiveCfg = Release|Any CPU
		{89056227-D94A-EFA1-26D8-409481AD3B9B}.Release|Any CPU.Build.0 = Release|Any CPU
		{708A28B0-C57C-CEE4-6E94-2095BD86E96D}.Debug|Any CPU.ActiveCfg = Debug|Any CPU
		{708A28B0-C57C-CEE4-6E94-2095BD86E96D}.Debug|Any CPU.Build.0 = Debug|Any CPU
		{708A28B0-C57C-CEE4-6E94-2095BD86E96D}.Release|Any CPU.ActiveCfg = Release|Any CPU
		{708A28B0-C57C-CEE4-6E94-2095BD86E96D}.Release|Any CPU.Build.0 = Release|Any CPU
	EndGlobalSection
	GlobalSection(SolutionProperties) = preSolution
		HideSolutionNode = FALSE
	EndGlobalSection
	GlobalSection(ExtensibilityGlobals) = postSolution
		SolutionGuid = {AAD0C72D-CDC7-4DCE-B2C1-A53A0FED75D6}
	EndGlobalSection
EndGlobal
